
Microsoft Visual Studio Solution File, Format Version 12.00
# Visual Studio 2013
VisualStudioVersion = 12.0.30501.0
MinimumVisualStudioVersion = 10.0.40219.1
Project("{FAE04EC0-301F-11D3-BF4B-00C04F79EFBC}") = "Samm", "Samm\Samm.csproj", "{B4475853-0134-4795-A96B-E7CB4DFF5CFA}"
	ProjectSection(ProjectDependencies) = postProject
		{DC3924C8-D2E2-4BAE-B9CC-BF6BE5F85DF8} = {DC3924C8-D2E2-4BAE-B9CC-BF6BE5F85DF8}
	EndProjectSection
EndProject
Project("{FAE04EC0-301F-11D3-BF4B-00C04F79EFBC}") = "Com", "..\comcsharp\Com\Com.csproj", "{DC3924C8-D2E2-4BAE-B9CC-BF6BE5F85DF8}"
EndProject
Project("{FAE04EC0-301F-11D3-BF4B-00C04F79EFBC}") = "Test", "..\comcsharp\Test\Test.csproj", "{9D4B88D3-9D2F-4774-9A9C-9942ECAF26F4}"
EndProject
Global
	GlobalSection(SolutionConfigurationPlatforms) = preSolution
		Debug|Any CPU = Debug|Any CPU
		Release|Any CPU = Release|Any CPU
	EndGlobalSection
	GlobalSection(ProjectConfigurationPlatforms) = postSolution
		{B4475853-0134-4795-A96B-E7CB4DFF5CFA}.Debug|Any CPU.ActiveCfg = Debug|Any CPU
		{B4475853-0134-4795-A96B-E7CB4DFF5CFA}.Release|Any CPU.ActiveCfg = Release|Any CPU
		{B4475853-0134-4795-A96B-E7CB4DFF5CFA}.Release|Any CPU.Build.0 = Release|Any CPU
		{DC3924C8-D2E2-4BAE-B9CC-BF6BE5F85DF8}.Debug|Any CPU.ActiveCfg = Debug|Any CPU
		{DC3924C8-D2E2-4BAE-B9CC-BF6BE5F85DF8}.Debug|Any CPU.Build.0 = Debug|Any CPU
		{DC3924C8-D2E2-4BAE-B9CC-BF6BE5F85DF8}.Release|Any CPU.ActiveCfg = Release|Any CPU
		{DC3924C8-D2E2-4BAE-B9CC-BF6BE5F85DF8}.Release|Any CPU.Build.0 = Release|Any CPU
		{9D4B88D3-9D2F-4774-9A9C-9942ECAF26F4}.Debug|Any CPU.ActiveCfg = Debug|Any CPU
		{9D4B88D3-9D2F-4774-9A9C-9942ECAF26F4}.Debug|Any CPU.Build.0 = Debug|Any CPU
		{9D4B88D3-9D2F-4774-9A9C-9942ECAF26F4}.Release|Any CPU.ActiveCfg = Release|Any CPU
		{9D4B88D3-9D2F-4774-9A9C-9942ECAF26F4}.Release|Any CPU.Build.0 = Release|Any CPU
	EndGlobalSection
	GlobalSection(SolutionProperties) = preSolution
		HideSolutionNode = FALSE
	EndGlobalSection
EndGlobal
